
Microsoft Visual Studio Solution File, Format Version 12.00
# Visual Studio Version 17
VisualStudioVersion = 17.14.36414.22 d17.14
MinimumVisualStudioVersion = 10.0.40219.1
Project("{FAE04EC0-301F-11D3-BF4B-00C04F79EFBC}") = "PasswordHash", "PasswordHash\PasswordHash.csproj", "{FBBFD03D-BBAD-4C96-B413-ACA5D182F232}"
EndProject
Global
	GlobalSection(SolutionConfigurationPlatforms) = preSolution
		Debug|Any CPU = Debug|Any CPU
		Release|Any CPU = Release|Any CPU
	EndGlobalSection
	GlobalSection(ProjectConfigurationPlatforms) = postSolution
		{FBBFD03D-BBAD-4C96-B413-ACA5D182F232}.Debug|Any CPU.ActiveCfg = Debug|Any CPU
		{FBBFD03D-BBAD-4C96-B413-ACA5D182F232}.Debug|Any CPU.Build.0 = Debug|Any CPU
		{FBBFD03D-BBAD-4C96-B413-ACA5D182F232}.Release|Any CPU.ActiveCfg = Release|Any CPU
		{FBBFD03D-BBAD-4C96-B413-ACA5D182F232}.Release|Any CPU.Build.0 = Release|Any CPU
	EndGlobalSection
	GlobalSection(SolutionProperties) = preSolution
		HideSolutionNode = FALSE
	EndGlobalSection
	GlobalSection(ExtensibilityGlobals) = postSolution
		SolutionGuid = {4DE719B2-E193-4635-8B81-F3C9877CACA4}
	EndGlobalSection
EndGlobal
