
Microsoft Visual Studio Solution File, Format Version 12.00
# Visual Studio Version 17
VisualStudioVersion = 17.14.36414.22 d17.14
MinimumVisualStudioVersion = 10.0.40219.1
Project("{FAE04EC0-301F-11D3-BF4B-00C04F79EFBC}") = "Classes", "Classes\Classes.csproj", "{FBC60224-7644-4291-A501-D52C9712C9DD}"
EndProject
Global
	GlobalSection(SolutionConfigurationPlatforms) = preSolution
		Debug|Any CPU = Debug|Any CPU
		Release|Any CPU = Release|Any CPU
	EndGlobalSection
	GlobalSection(ProjectConfigurationPlatforms) = postSolution
		{FBC60224-7644-4291-A501-D52C9712C9DD}.Debug|Any CPU.ActiveCfg = Debug|Any CPU
		{FBC60224-7644-4291-A501-D52C9712C9DD}.Debug|Any CPU.Build.0 = Debug|Any CPU
		{FBC60224-7644-4291-A501-D52C9712C9DD}.Release|Any CPU.ActiveCfg = Release|Any CPU
		{FBC60224-7644-4291-A501-D52C9712C9DD}.Release|Any CPU.Build.0 = Release|Any CPU
	EndGlobalSection
	GlobalSection(SolutionProperties) = preSolution
		HideSolutionNode = FALSE
	EndGlobalSection
	GlobalSection(ExtensibilityGlobals) = postSolution
		SolutionGuid = {95589D1A-2F02-4520-89F7-7957D5BBF4C2}
	EndGlobalSection
EndGlobal
