
Microsoft Visual Studio Solution File, Format Version 12.00
# Visual Studio Version 17
VisualStudioVersion = 17.14.36414.22 d17.14
MinimumVisualStudioVersion = 10.0.40219.1
Project("{FAE04EC0-301F-11D3-BF4B-00C04F79EFBC}") = "Delegate", "Delegate\Delegate.csproj", "{35DE4D54-876F-4618-9F0B-849A1CF667EE}"
EndProject
Global
	GlobalSection(SolutionConfigurationPlatforms) = preSolution
		Debug|Any CPU = Debug|Any CPU
		Release|Any CPU = Release|Any CPU
	EndGlobalSection
	GlobalSection(ProjectConfigurationPlatforms) = postSolution
		{35DE4D54-876F-4618-9F0B-849A1CF667EE}.Debug|Any CPU.ActiveCfg = Debug|Any CPU
		{35DE4D54-876F-4618-9F0B-849A1CF667EE}.Debug|Any CPU.Build.0 = Debug|Any CPU
		{35DE4D54-876F-4618-9F0B-849A1CF667EE}.Release|Any CPU.ActiveCfg = Release|Any CPU
		{35DE4D54-876F-4618-9F0B-849A1CF667EE}.Release|Any CPU.Build.0 = Release|Any CPU
	EndGlobalSection
	GlobalSection(SolutionProperties) = preSolution
		HideSolutionNode = FALSE
	EndGlobalSection
	GlobalSection(ExtensibilityGlobals) = postSolution
		SolutionGuid = {AA1D4CF1-ED32-4520-97C0-ECF7715B922E}
	EndGlobalSection
EndGlobal
